
Microsoft Visual Studio Solution File, Format Version 12.00
# Visual Studio Version 17
VisualStudioVersion = 17.7.34221.43
MinimumVisualStudioVersion = 10.0.40219.1
Project("{9A19103F-16F7-4668-BE54-9A1E7A4F7556}") = "CRUD", "CRUD\CRUD.csproj", "{2A8176DE-A42B-4FBA-A02A-212CE49E9EC7}"
EndProject
Global
	GlobalSection(SolutionConfigurationPlatforms) = preSolution
		Debug|Any CPU = Debug|Any CPU
		Release|Any CPU = Release|Any CPU
	EndGlobalSection
	GlobalSection(ProjectConfigurationPlatforms) = postSolution
		{2A8176DE-A42B-4FBA-A02A-212CE49E9EC7}.Debug|Any CPU.ActiveCfg = Debug|Any CPU
		{2A8176DE-A42B-4FBA-A02A-212CE49E9EC7}.Debug|Any CPU.Build.0 = Debug|Any CPU
		{2A8176DE-A42B-4FBA-A02A-212CE49E9EC7}.Release|Any CPU.ActiveCfg = Release|Any CPU
		{2A8176DE-A42B-4FBA-A02A-212CE49E9EC7}.Release|Any CPU.Build.0 = Release|Any CPU
	EndGlobalSection
	GlobalSection(SolutionProperties) = preSolution
		HideSolutionNode = FALSE
	EndGlobalSection
	GlobalSection(ExtensibilityGlobals) = postSolution
		SolutionGuid = {80A7287B-A49A-41CC-8FC5-F5E189AF9191}
	EndGlobalSection
EndGlobal
