
Microsoft Visual Studio Solution File, Format Version 12.00
# Visual Studio Version 17
VisualStudioVersion = 17.5.002.0
MinimumVisualStudioVersion = 10.0.40219.1
Project("{9A19103F-16F7-4668-BE54-9A1E7A4F7556}") = "CRUD", "CRUD.csproj", "{D20F87D1-CA1E-42FB-A5FD-46724BB05BFB}"
EndProject
Global
	GlobalSection(SolutionConfigurationPlatforms) = preSolution
		Debug|Any CPU = Debug|Any CPU
		Release|Any CPU = Release|Any CPU
	EndGlobalSection
	GlobalSection(ProjectConfigurationPlatforms) = postSolution
		{D20F87D1-CA1E-42FB-A5FD-46724BB05BFB}.Debug|Any CPU.ActiveCfg = Debug|Any CPU
		{D20F87D1-CA1E-42FB-A5FD-46724BB05BFB}.Debug|Any CPU.Build.0 = Debug|Any CPU
		{D20F87D1-CA1E-42FB-A5FD-46724BB05BFB}.Release|Any CPU.ActiveCfg = Release|Any CPU
		{D20F87D1-CA1E-42FB-A5FD-46724BB05BFB}.Release|Any CPU.Build.0 = Release|Any CPU
	EndGlobalSection
	GlobalSection(SolutionProperties) = preSolution
		HideSolutionNode = FALSE
	EndGlobalSection
	GlobalSection(ExtensibilityGlobals) = postSolution
		SolutionGuid = {FF41FD01-E946-4A69-A2D6-C41F50C54804}
	EndGlobalSection
EndGlobal
